// !$*UTF8*$!
{
	archiveVersion = 1;
	classes = {
	};
	objectVersion = 46;
	objects = {

/* Begin PBXBuildFile section */
		C7C8C8601F29008300CE7E63 /* AppDelegate.swift in Sources */ = {isa = PBXBuildFile; fileRef = C7C8C85F1F29008300CE7E63 /* AppDelegate.swift */; };
		C7C8C8621F29008300CE7E63 /* ViewController.swift in Sources */ = {isa = PBXBuildFile; fileRef = C7C8C8611F29008300CE7E63 /* ViewController.swift */; };
		C7C8C8651F29008300CE7E63 /* Main.storyboard in Resources */ = {isa = PBXBuildFile; fileRef = C7C8C8631F29008300CE7E63 /* Main.storyboard */; };
		C7C8C8671F29008300CE7E63 /* Assets.xcassets in Resources */ = {isa = PBXBuildFile; fileRef = C7C8C8661F29008300CE7E63 /* Assets.xcassets */; };
		C7C8C86A1F29008300CE7E63 /* LaunchScreen.storyboard in Resources */ = {isa = PBXBuildFile; fileRef = C7C8C8681F29008300CE7E63 /* LaunchScreen.storyboard */; };
/* End PBXBuildFile section */

/* Begin PBXFileReference section */
		C7C8C85C1F29008300CE7E63 /* TeamworkTest.app */ = {isa = PBXFileReference; explicitFileType = wrapper.application; includeInIndex = 0; path = TeamworkTest.app; sourceTree = BUILT_PRODUCTS_DIR; };
		C7C8C85F1F29008300CE7E63 /* AppDelegate.swift */ = {isa = PBXFileReference; lastKnownFileType = sourcecode.swift; path = AppDelegate.swift; sourceTree = "<group>"; };
		C7C8C8611F29008300CE7E63 /* ViewController.swift */ = {isa = PBXFileReference; lastKnownFileType = sourcecode.swift; path = ViewController.swift; sourceTree = "<group>"; };
		C7C8C8641F29008300CE7E63 /* Base */ = {isa = PBXFileReference; lastKnownFileType = file.storyboard; name = Base; path = Base.lproj/Main.storyboard; sourceTree = "<group>"; };
		C7C8C8661F29008300CE7E63 /* Assets.xcassets */ = {isa = PBXFileReference; lastKnownFileType = folder.assetcatalog; path = Assets.xcassets; sourceTree = "<group>"; };
		C7C8C8691F29008300CE7E63 /* Base */ = {isa = PBXFileReference; lastKnownFileType = file.storyboard; name = Base; path = Base.lproj/LaunchScreen.storyboard; sourceTree = "<group>"; };
		C7C8C86B1F29008300CE7E63 /* Info.plist */ = {isa = PBXFileReference; lastKnownFileType = text.plist.xml; path = Info.plist; sourceTree = "<group>"; };
/* End PBXFileReference section */

/* Begin PBXFrameworksBuildPhase section */
		C7C8C8591F29008300CE7E63 /* Frameworks */ = {
			isa = PBXFrameworksBuildPhase;
			buildActionMask = 2147483647;
			files = (
			);
			runOnlyForDeploymentPostprocessing = 0;
		};
/* End PBXFrameworksBuildPhase section */

/* Begin PBXGroup section */
		C7C8C8531F29008300CE7E63 = {
			isa = PBXGroup;
			children = (
				C7C8C85E1F29008300CE7E63 /* TeamworkTest */,
				C7C8C85D1F29008300CE7E63 /* Products */,
			);
			sourceTree = "<group>";
		};
		C7C8C85D1F29008300CE7E63 /* Products */ = {
			isa = PBXGroup;
			children = (
				C7C8C85C1F29008300CE7E63 /* TeamworkTest.app */,
			);
			name = Products;
			sourceTree = "<group>";
		};
		C7C8C85E1F29008300CE7E63 /* TeamworkTest */ = {
			isa = PBXGroup;
			children = (
				C7C8C85F1F29008300CE7E63 /* AppDelegate.swift */,
				C7C8C8611F29008300CE7E63 /* ViewController.swift */,
				C7C8C8631F29008300CE7E63 /* Main.storyboard */,
				C7C8C8661F29008300CE7E63 /* Assets.xcassets */,
				C7C8C8681F29008300CE7E63 /* LaunchScreen.storyboard */,
				C7C8C86B1F29008300CE7E63 /* Info.plist */,
			);
			path = TeamworkTest;
			sourceTree = "<group>";
		};
/* End PBXGroup section */

/* Begin PBXNativeTarget section */
		C7C8C85B1F29008300CE7E63 /* TeamworkTest */ = {
			isa = PBXNativeTarget;
			buildConfigurationList = C7C8C86E1F29008300CE7E63 /* Build configuration list for PBXNativeTarget "TeamworkTest" */;
			buildPhases = (
				C7C8C8581F29008300CE7E63 /* Sources */,
				C7C8C8591F29008300CE7E63 /* Frameworks */,
				C7C8C85A1F29008300CE7E63 /* Resources */,
			);
			buildRules = (
			);
			dependencies = (
			);
			name = TeamworkTest;
			productName = TeamworkTest;
			productReference = C7C8C85C1F29008300CE7E63 /* TeamworkTest.app */;
			productType = "com.apple.product-type.application";
		};
/* End PBXNativeTarget section */

/* Begin PBXProject section */
		C7C8C8541F29008300CE7E63 /* Project object */ = {
			isa = PBXProject;
			attributes = {
				LastSwiftUpdateCheck = 0830;
				LastUpgradeCheck = 0830;
				ORGANIZATIONNAME = "Oscar Alvarez";
				TargetAttributes = {
					C7C8C85B1F29008300CE7E63 = {
						CreatedOnToolsVersion = 8.3.2;
						DevelopmentTeam = X624DC2Z35;
						ProvisioningStyle = Automatic;
					};
				};
			};
			buildConfigurationList = C7C8C8571F29008300CE7E63 /* Build configuration list for PBXProject "TeamworkTest" */;
			compatibilityVersion = "Xcode 3.2";
			developmentRegion = English;
			hasScannedForEncodings = 0;
			knownRegions = (
				en,
				Base,
			);
			mainGroup = C7C8C8531F29008300CE7E63;
			productRefGroup = C7C8C85D1F29008300CE7E63 /* Products */;
			projectDirPath = "";
			projectRoot = "";
			targets = (
				C7C8C85B1F29008300CE7E63 /* TeamworkTest */,
			);
		};
/* End PBXProject section */

/* Begin PBXResourcesBuildPhase section */
		C7C8C85A1F29008300CE7E63 /* Resources */ = {
			isa = PBXResourcesBuildPhase;
			buildActionMask = 2147483647;
			files = (
				C7C8C86A1F29008300CE7E63 /* LaunchScreen.storyboard in Resources */,
				C7C8C8671F29008300CE7E63 /* Assets.xcassets in Resources */,
				C7C8C8651F29008300CE7E63 /* Main.storyboard in Resources */,
			);
			runOnlyForDeploymentPostprocessing = 0;
		};
/* End PBXResourcesBuildPhase section */

/* Begin PBXSourcesBuildPhase section */
		C7C8C8581F29008300CE7E63 /* Sources */ = {
			isa = PBXSourcesBuildPhase;
			buildActionMask = 2147483647;
			files = (
				C7C8C8621F29008300CE7E63 /* ViewController.swift in Sources */,
				C7C8C8601F29008300CE7E63 /* AppDelegate.swift in Sources */,
			);
			runOnlyForDeploymentPostprocessing = 0;
		};
/* End PBXSourcesBuildPhase section */

/* Begin PBXVariantGroup section */
		C7C8C8631F29008300CE7E63 /* Main.storyboard */ = {
			isa = PBXVariantGroup;
			children = (
				C7C8C8641F29008300CE7E63 /* Base */,
			);
			name = Main.storyboard;
			sourceTree = "<group>";
		};
		C7C8C8681F29008300CE7E63 /* LaunchScreen.storyboard */ = {
			isa = PBXVariantGroup;
			children = (
				C7C8C8691F29008300CE7E63 /* Base */,
			);
			name = LaunchScreen.storyboard;
			sourceTree = "<group>";
		};
/* End PBXVariantGroup section */

/* Begin XCBuildConfiguration section */
		C7C8C86C1F29008300CE7E63 /* Debug */ = {
			isa = XCBuildConfiguration;
			buildSettings = {
				ALWAYS_SEARCH_USER_PATHS = NO;
				CLANG_ANALYZER_NONNULL = YES;
				CLANG_ANALYZER_NUMBER_OBJECT_CONVERSION = YES_AGGRESSIVE;
				CLANG_CXX_LANGUAGE_STANDARD = "gnu++0x";
				CLANG_CXX_LIBRARY = "libc++";
				CLANG_ENABLE_MODULES = YES;
				CLANG_ENABLE_OBJC_ARC = YES;
				CLANG_WARN_BOOL_CONVERSION = YES;
				CLANG_WARN_CONSTANT_CONVERSION = YES;
				CLANG_WARN_DIRECT_OBJC_ISA_USAGE = YES_ERROR;
				CLANG_WARN_DOCUMENTATION_COMMENTS = YES;
				CLANG_WARN_EMPTY_BODY = YES;
				CLANG_WARN_ENUM_CONVERSION = YES;
				CLANG_WARN_INFINITE_RECURSION = YES;
				CLANG_WARN_INT_CONVERSION = YES;
				CLANG_WARN_OBJC_ROOT_CLASS = YES_ERROR;
				CLANG_WARN_SUSPICIOUS_MOVE = YES;
				CLANG_WARN_UNREACHABLE_CODE = YES;
				CLANG_WARN__DUPLICATE_METHOD_MATCH = YES;
				"CODE_SIGN_IDENTITY[sdk=iphoneos*]" = "iPhone Developer";
				COPY_PHASE_STRIP = NO;
				DEBUG_INFORMATION_FORMAT = dwarf;
				ENABLE_STRICT_OBJC_MSGSEND = YES;
				ENABLE_TESTABILITY = YES;
				GCC_C_LANGUAGE_STANDARD = gnu99;
				GCC_DYNAMIC_NO_PIC = NO;
				GCC_NO_COMMON_BLOCKS = YES;
				GCC_OPTIMIZATION_LEVEL = 0;
				GCC_PREPROCESSOR_DEFINITIONS = (
					"DEBUG=1",
					"$(inherited)",
				);
				GCC_WARN_64_TO_32_BIT_CONVERSION = YES;
				GCC_WARN_ABOUT_RETURN_TYPE = YES_ERROR;
				GCC_WARN_UNDECLARED_SELECTOR = YES;
				GCC_WARN_UNINITIALIZED_AUTOS = YES_AGGRESSIVE;
				GCC_WARN_UNUSED_FUNCTION = YES;
				GCC_WARN_UNUSED_VARIABLE = YES;
				IPHONEOS_DEPLOYMENT_TARGET = 10.3;
				MTL_ENABLE_DEBUG_INFO = YES;
				ONLY_ACTIVE_ARCH = YES;
				SDKROOT = iphoneos;
				SWIFT_ACTIVE_COMPILATION_CONDITIONS = DEBUG;
				SWIFT_OPTIMIZATION_LEVEL = "-Onone";
				TARGETED_DEVICE_FAMILY = "1,2";
			};
			name = Debug;
		};
		C7C8C86D1F29008300CE7E63 /* Release */ = {
			isa = XCBuildConfiguration;
			buildSettings = {
				ALWAYS_SEARCH_USER_PATHS = NO;
				CLANG_ANALYZER_NONNULL = YES;
				CLANG_ANALYZER_NUMBER_OBJECT_CONVERSION = YES_AGGRESSIVE;
				CLANG_CXX_LANGUAGE_STANDARD = "gnu++0x";
				CLANG_CXX_LIBRARY = "libc++";
				CLANG_ENABLE_MODULES = YES;
				CLANG_ENABLE_OBJC_ARC = YES;
				CLANG_WARN_BOOL_CONVERSION = YES;
				CLANG_WARN_CONSTANT_CONVERSION = YES;
				CLANG_WARN_DIRECT_OBJC_ISA_USAGE = YES_ERROR;
				CLANG_WARN_DOCUMENTATION_COMMENTS = YES;
				CLANG_WARN_EMPTY_BODY = YES;
				CLANG_WARN_ENUM_CONVERSION = YES;
				CLANG_WARN_INFINITE_RECURSION = YES;
				CLANG_WARN_INT_CONVERSION = YES;
				CLANG_WARN_OBJC_ROOT_CLASS = YES_ERROR;
				CLANG_WARN_SUSPICIOUS_MOVE = YES;
				CLANG_WARN_UNREACHABLE_CODE = YES;
				CLANG_WARN__DUPLICATE_METHOD_MATCH = YES;
				"CODE_SIGN_IDENTITY[sdk=iphoneos*]" = "iPhone Developer";
				COPY_PHASE_STRIP = NO;
				DEBUG_INFORMATION_FORMAT = "dwarf-with-dsym";
				ENABLE_NS_ASSERTIONS = NO;
				ENABLE_STRICT_OBJC_MSGSEND = YES;
				GCC_C_LANGUAGE_STANDARD = gnu99;
				GCC_NO_COMMON_BLOCKS = YES;
				GCC_WARN_64_TO_32_BIT_CONVERSION = YES;
				GCC_WARN_ABOUT_RETURN_TYPE = YES_ERROR;
				GCC_WARN_UNDECLARED_SELECTOR = YES;
				GCC_WARN_UNINITIALIZED_AUTOS = YES_AGGRESSIVE;
				GCC_WARN_UNUSED_FUNCTION = YES;
				GCC_WARN_UNUSED_VARIABLE = YES;
				IPHONEOS_DEPLOYMENT_TARGET = 10.3;
				MTL_ENABLE_DEBUG_INFO = NO;
				SDKROOT = iphoneos;
				SWIFT_OPTIMIZATION_LEVEL = "-Owholemodule";
				TARGETED_DEVICE_FAMILY = "1,2";
				VALIDATE_PRODUCT = YES;
			};
			name = Release;
		};
		C7C8C86F1F29008300CE7E63 /* Debug */ = {
			isa = XCBuildConfiguration;
			buildSettings = {
				ASSETCATALOG_COMPILER_APPICON_NAME = AppIcon;
				DEVELOPMENT_TEAM = X624DC2Z35;
				INFOPLIST_FILE = TeamworkTest/Info.plist;
				LD_RUNPATH_SEARCH_PATHS = "$(inherited) @executable_path/Frameworks";
				PRODUCT_BUNDLE_IDENTIFIER = com.ojcar.TeamworkTest;
				PRODUCT_NAME = "$(TARGET_NAME)";
				SWIFT_VERSION = 3.0;
			};
			name = Debug;
		};
		C7C8C8701F29008300CE7E63 /* Release */ = {
			isa = XCBuildConfiguration;
			buildSettings = {
				ASSETCATALOG_COMPILER_APPICON_NAME = AppIcon;
				DEVELOPMENT_TEAM = X624DC2Z35;
				INFOPLIST_FILE = TeamworkTest/Info.plist;
				LD_RUNPATH_SEARCH_PATHS = "$(inherited) @executable_path/Frameworks";
				PRODUCT_BUNDLE_IDENTIFIER = com.ojcar.TeamworkTest;
				PRODUCT_NAME = "$(TARGET_NAME)";
				SWIFT_VERSION = 3.0;
			};
			name = Release;
		};
/* End XCBuildConfiguration section */

/* Begin XCConfigurationList section */
		C7C8C8571F29008300CE7E63 /* Build configuration list for PBXProject "TeamworkTest" */ = {
			isa = XCConfigurationList;
			buildConfigurations = (
				C7C8C86C1F29008300CE7E63 /* Debug */,
				C7C8C86D1F29008300CE7E63 /* Release */,
			);
			defaultConfigurationIsVisible = 0;
			defaultConfigurationName = Release;
		};
		C7C8C86E1F29008300CE7E63 /* Build configuration list for PBXNativeTarget "TeamworkTest" */ = {
			isa = XCConfigurationList;
			buildConfigurations = (
				C7C8C86F1F29008300CE7E63 /* Debug */,
				C7C8C8701F29008300CE7E63 /* Release */,
			);
			defaultConfigurationIsVisible = 0;
		};
/* End XCConfigurationList section */
	};
	rootObject = C7C8C8541F29008300CE7E63 /* Project object */;
}
